// !$*UTF8*$!
{
	archiveVersion = 1;
	classes = {
	};
	objectVersion = 48;
	objects = {

/* Begin PBXBuildFile section */
		7DC059171FCC53B100364704 /* HBAlertController.h in Headers */ = {isa = PBXBuildFile; fileRef = 7DC0590E1FCC53B100364704 /* HBAlertController.h */; settings = {ATTRIBUTES = (Public, ); }; };
		7DC059181FCC53B100364704 /* HBAlertAnimation.h in Headers */ = {isa = PBXBuildFile; fileRef = 7DC0590F1FCC53B100364704 /* HBAlertAnimation.h */; };
		7DC059191FCC53B100364704 /* HBPresentationController.h in Headers */ = {isa = PBXBuildFile; fileRef = 7DC059101FCC53B100364704 /* HBPresentationController.h */; };
		7DC0591A1FCC53B100364704 /* HBAlertController.m in Sources */ = {isa = PBXBuildFile; fileRef = 7DC059111FCC53B100364704 /* HBAlertController.m */; };
		7DC0591B1FCC53B100364704 /* HBAlertAnimation.m in Sources */ = {isa = PBXBuildFile; fileRef = 7DC059121FCC53B100364704 /* HBAlertAnimation.m */; };
		7DC0591C1FCC53B100364704 /* HBPresentationController.m in Sources */ = {isa = PBXBuildFile; fileRef = 7DC059131FCC53B100364704 /* HBPresentationController.m */; };
		7DC0591D1FCC53B100364704 /* LoadingView.m in Sources */ = {isa = PBXBuildFile; fileRef = 7DC059151FCC53B100364704 /* LoadingView.m */; };
		7DC0591E1FCC53B100364704 /* LoadingView.h in Headers */ = {isa = PBXBuildFile; fileRef = 7DC059161FCC53B100364704 /* LoadingView.h */; settings = {ATTRIBUTES = (Public, ); }; };
		7DCF94F71FC541AA00831D82 /* HBAlert.h in Headers */ = {isa = PBXBuildFile; fileRef = 7DCF94F51FC541AA00831D82 /* HBAlert.h */; settings = {ATTRIBUTES = (Public, ); }; };
		F6A94EF241120AE352C235C0 /* libPods-HBAlert.a in Frameworks */ = {isa = PBXBuildFile; fileRef = 1C4C031A5E1C32A036858EE5 /* libPods-HBAlert.a */; };
/* End PBXBuildFile section */

/* Begin PBXFileReference section */
		1C4C031A5E1C32A036858EE5 /* libPods-HBAlert.a */ = {isa = PBXFileReference; explicitFileType = archive.ar; includeInIndex = 0; path = "libPods-HBAlert.a"; sourceTree = BUILT_PRODUCTS_DIR; };
		72DCCDC722A75666EBB117D2 /* Pods-HBAlert.debug.xcconfig */ = {isa = PBXFileReference; includeInIndex = 1; lastKnownFileType = text.xcconfig; name = "Pods-HBAlert.debug.xcconfig"; path = "../Pods/Target Support Files/Pods-HBAlert/Pods-HBAlert.debug.xcconfig"; sourceTree = "<group>"; };
		7DC0590E1FCC53B100364704 /* HBAlertController.h */ = {isa = PBXFileReference; fileEncoding = 4; lastKnownFileType = sourcecode.c.h; path = HBAlertController.h; sourceTree = "<group>"; };
		7DC0590F1FCC53B100364704 /* HBAlertAnimation.h */ = {isa = PBXFileReference; fileEncoding = 4; lastKnownFileType = sourcecode.c.h; path = HBAlertAnimation.h; sourceTree = "<group>"; };
		7DC059101FCC53B100364704 /* HBPresentationController.h */ = {isa = PBXFileReference; fileEncoding = 4; lastKnownFileType = sourcecode.c.h; path = HBPresentationController.h; sourceTree = "<group>"; };
		7DC059111FCC53B100364704 /* HBAlertController.m */ = {isa = PBXFileReference; fileEncoding = 4; lastKnownFileType = sourcecode.c.objc; path = HBAlertController.m; sourceTree = "<group>"; };
		7DC059121FCC53B100364704 /* HBAlertAnimation.m */ = {isa = PBXFileReference; fileEncoding = 4; lastKnownFileType = sourcecode.c.objc; path = HBAlertAnimation.m; sourceTree = "<group>"; };
		7DC059131FCC53B100364704 /* HBPresentationController.m */ = {isa = PBXFileReference; fileEncoding = 4; lastKnownFileType = sourcecode.c.objc; path = HBPresentationController.m; sourceTree = "<group>"; };
		7DC059151FCC53B100364704 /* LoadingView.m */ = {isa = PBXFileReference; fileEncoding = 4; lastKnownFileType = sourcecode.c.objc; path = LoadingView.m; sourceTree = "<group>"; };
		7DC059161FCC53B100364704 /* LoadingView.h */ = {isa = PBXFileReference; fileEncoding = 4; lastKnownFileType = sourcecode.c.h; path = LoadingView.h; sourceTree = "<group>"; };
		7DCF94F21FC541AA00831D82 /* HBAlert.framework */ = {isa = PBXFileReference; explicitFileType = wrapper.framework; includeInIndex = 0; path = HBAlert.framework; sourceTree = BUILT_PRODUCTS_DIR; };
		7DCF94F51FC541AA00831D82 /* HBAlert.h */ = {isa = PBXFileReference; lastKnownFileType = sourcecode.c.h; path = HBAlert.h; sourceTree = "<group>"; };
		7DCF94F61FC541AA00831D82 /* Info.plist */ = {isa = PBXFileReference; lastKnownFileType = text.plist.xml; path = Info.plist; sourceTree = "<group>"; };
		F7C041ECC3FE25579BDE0F86 /* Pods-HBAlert.release.xcconfig */ = {isa = PBXFileReference; includeInIndex = 1; lastKnownFileType = text.xcconfig; name = "Pods-HBAlert.release.xcconfig"; path = "../Pods/Target Support Files/Pods-HBAlert/Pods-HBAlert.release.xcconfig"; sourceTree = "<group>"; };
/* End PBXFileReference section */

/* Begin PBXFrameworksBuildPhase section */
		7DCF94EE1FC541AA00831D82 /* Frameworks */ = {
			isa = PBXFrameworksBuildPhase;
			buildActionMask = 2147483647;
			files = (
				F6A94EF241120AE352C235C0 /* libPods-HBAlert.a in Frameworks */,
			);
			runOnlyForDeploymentPostprocessing = 0;
		};
/* End PBXFrameworksBuildPhase section */

/* Begin PBXGroup section */
		57C7797E91AE21C5F59B761B /* Frameworks */ = {
			isa = PBXGroup;
			children = (
				1C4C031A5E1C32A036858EE5 /* libPods-HBAlert.a */,
			);
			name = Frameworks;
			sourceTree = "<group>";
		};
		7DC0590D1FCC53B100364704 /* HBAlertCore */ = {
			isa = PBXGroup;
			children = (
				7DC0590E1FCC53B100364704 /* HBAlertController.h */,
				7DC059111FCC53B100364704 /* HBAlertController.m */,
				7DC0590F1FCC53B100364704 /* HBAlertAnimation.h */,
				7DC059121FCC53B100364704 /* HBAlertAnimation.m */,
				7DC059101FCC53B100364704 /* HBPresentationController.h */,
				7DC059131FCC53B100364704 /* HBPresentationController.m */,
			);
			path = HBAlertCore;
			sourceTree = "<group>";
		};
		7DC059141FCC53B100364704 /* UIComponents */ = {
			isa = PBXGroup;
			children = (
				7DC059161FCC53B100364704 /* LoadingView.h */,
				7DC059151FCC53B100364704 /* LoadingView.m */,
			);
			path = UIComponents;
			sourceTree = "<group>";
		};
		7DCF94E81FC541AA00831D82 = {
			isa = PBXGroup;
			children = (
				7DCF94F41FC541AA00831D82 /* HBAlert */,
				7DCF94F31FC541AA00831D82 /* Products */,
				91985F455BBE6D5F43AFF04A /* Pods */,
				57C7797E91AE21C5F59B761B /* Frameworks */,
			);
			sourceTree = "<group>";
		};
		7DCF94F31FC541AA00831D82 /* Products */ = {
			isa = PBXGroup;
			children = (
				7DCF94F21FC541AA00831D82 /* HBAlert.framework */,
			);
			name = Products;
			sourceTree = "<group>";
		};
		7DCF94F41FC541AA00831D82 /* HBAlert */ = {
			isa = PBXGroup;
			children = (
				7DC0590D1FCC53B100364704 /* HBAlertCore */,
				7DC059141FCC53B100364704 /* UIComponents */,
				7DCF94F51FC541AA00831D82 /* HBAlert.h */,
				7DCF94F61FC541AA00831D82 /* Info.plist */,
			);
			path = HBAlert;
			sourceTree = "<group>";
		};
		91985F455BBE6D5F43AFF04A /* Pods */ = {
			isa = PBXGroup;
			children = (
				72DCCDC722A75666EBB117D2 /* Pods-HBAlert.debug.xcconfig */,
				F7C041ECC3FE25579BDE0F86 /* Pods-HBAlert.release.xcconfig */,
			);
			name = Pods;
			sourceTree = "<group>";
		};
/* End PBXGroup section */

/* Begin PBXHeadersBuildPhase section */
		7DCF94EF1FC541AA00831D82 /* Headers */ = {
			isa = PBXHeadersBuildPhase;
			buildActionMask = 2147483647;
			files = (
				7DCF94F71FC541AA00831D82 /* HBAlert.h in Headers */,
				7DC0591E1FCC53B100364704 /* LoadingView.h in Headers */,
				7DC059171FCC53B100364704 /* HBAlertController.h in Headers */,
				7DC059191FCC53B100364704 /* HBPresentationController.h in Headers */,
				7DC059181FCC53B100364704 /* HBAlertAnimation.h in Headers */,
			);
			runOnlyForDeploymentPostprocessing = 0;
		};
/* End PBXHeadersBuildPhase section */

/* Begin PBXNativeTarget section */
		7DCF94F11FC541AA00831D82 /* HBAlert */ = {
			isa = PBXNativeTarget;
			buildConfigurationList = 7DCF94FA1FC541AA00831D82 /* Build configuration list for PBXNativeTarget "HBAlert" */;
			buildPhases = (
				2592ABD03A55B1976FE522F0 /* [CP] Check Pods Manifest.lock */,
				7DCF94ED1FC541AA00831D82 /* Sources */,
				7DCF94EE1FC541AA00831D82 /* Frameworks */,
				7DCF94EF1FC541AA00831D82 /* Headers */,
				7DCF94F01FC541AA00831D82 /* Resources */,
				F69427BE357FDAAF80276A4B /* [CP] Copy Pods Resources */,
			);
			buildRules = (
			);
			dependencies = (
			);
			name = HBAlert;
			productName = HBAlert;
			productReference = 7DCF94F21FC541AA00831D82 /* HBAlert.framework */;
			productType = "com.apple.product-type.framework";
		};
/* End PBXNativeTarget section */

/* Begin PBXProject section */
		7DCF94E91FC541AA00831D82 /* Project object */ = {
			isa = PBXProject;
			attributes = {
				LastUpgradeCheck = 0900;
				ORGANIZATIONNAME = P.W;
				TargetAttributes = {
					7DCF94F11FC541AA00831D82 = {
						CreatedOnToolsVersion = 9.0;
						ProvisioningStyle = Automatic;
					};
				};
			};
			buildConfigurationList = 7DCF94EC1FC541AA00831D82 /* Build configuration list for PBXProject "HBAlert" */;
			compatibilityVersion = "Xcode 8.0";
			developmentRegion = en;
			hasScannedForEncodings = 0;
			knownRegions = (
				en,
			);
			mainGroup = 7DCF94E81FC541AA00831D82;
			productRefGroup = 7DCF94F31FC541AA00831D82 /* Products */;
			projectDirPath = "";
			projectRoot = "";
			targets = (
				7DCF94F11FC541AA00831D82 /* HBAlert */,
			);
		};
/* End PBXProject section */

/* Begin PBXResourcesBuildPhase section */
		7DCF94F01FC541AA00831D82 /* Resources */ = {
			isa = PBXResourcesBuildPhase;
			buildActionMask = 2147483647;
			files = (
			);
			runOnlyForDeploymentPostprocessing = 0;
		};
/* End PBXResourcesBuildPhase section */

/* Begin PBXShellScriptBuildPhase section */
		2592ABD03A55B1976FE522F0 /* [CP] Check Pods Manifest.lock */ = {
			isa = PBXShellScriptBuildPhase;
			buildActionMask = 2147483647;
			files = (
			);
			inputPaths = (
				"${PODS_PODFILE_DIR_PATH}/Podfile.lock",
				"${PODS_ROOT}/Manifest.lock",
			);
			name = "[CP] Check Pods Manifest.lock";
			outputPaths = (
				"$(DERIVED_FILE_DIR)/Pods-HBAlert-checkManifestLockResult.txt",
			);
			runOnlyForDeploymentPostprocessing = 0;
			shellPath = /bin/sh;
			shellScript = "diff \"${PODS_PODFILE_DIR_PATH}/Podfile.lock\" \"${PODS_ROOT}/Manifest.lock\" > /dev/null\nif [ $? != 0 ] ; then\n    # print error to STDERR\n    echo \"error: The sandbox is not in sync with the Podfile.lock. Run 'pod install' or update your CocoaPods installation.\" >&2\n    exit 1\nfi\n# This output is used by Xcode 'outputs' to avoid re-running this script phase.\necho \"SUCCESS\" > \"${SCRIPT_OUTPUT_FILE_0}\"\n";
			showEnvVarsInLog = 0;
		};
		F69427BE357FDAAF80276A4B /* [CP] Copy Pods Resources */ = {
			isa = PBXShellScriptBuildPhase;
			buildActionMask = 2147483647;
			files = (
			);
			inputPaths = (
			);
			name = "[CP] Copy Pods Resources";
			outputPaths = (
			);
			runOnlyForDeploymentPostprocessing = 0;
			shellPath = /bin/sh;
			shellScript = "\"${SRCROOT}/../Pods/Target Support Files/Pods-HBAlert/Pods-HBAlert-resources.sh\"\n";
			showEnvVarsInLog = 0;
		};
/* End PBXShellScriptBuildPhase section */

/* Begin PBXSourcesBuildPhase section */
		7DCF94ED1FC541AA00831D82 /* Sources */ = {
			isa = PBXSourcesBuildPhase;
			buildActionMask = 2147483647;
			files = (
				7DC0591A1FCC53B100364704 /* HBAlertController.m in Sources */,
				7DC0591D1FCC53B100364704 /* LoadingView.m in Sources */,
				7DC0591B1FCC53B100364704 /* HBAlertAnimation.m in Sources */,
				7DC0591C1FCC53B100364704 /* HBPresentationController.m in Sources */,
			);
			runOnlyForDeploymentPostprocessing = 0;
		};
/* End PBXSourcesBuildPhase section */

/* Begin XCBuildConfiguration section */
		7DCF94F81FC541AA00831D82 /* Debug */ = {
			isa = XCBuildConfiguration;
			buildSettings = {
				ALWAYS_SEARCH_USER_PATHS = NO;
				CLANG_ANALYZER_NONNULL = YES;
				CLANG_ANALYZER_NUMBER_OBJECT_CONVERSION = YES_AGGRESSIVE;
				CLANG_CXX_LANGUAGE_STANDARD = "gnu++14";
				CLANG_CXX_LIBRARY = "libc++";
				CLANG_ENABLE_MODULES = YES;
				CLANG_ENABLE_OBJC_ARC = YES;
				CLANG_WARN_BLOCK_CAPTURE_AUTORELEASING = YES;
				CLANG_WARN_BOOL_CONVERSION = YES;
				CLANG_WARN_COMMA = YES;
				CLANG_WARN_CONSTANT_CONVERSION = YES;
				CLANG_WARN_DIRECT_OBJC_ISA_USAGE = YES_ERROR;
				CLANG_WARN_DOCUMENTATION_COMMENTS = YES;
				CLANG_WARN_EMPTY_BODY = YES;
				CLANG_WARN_ENUM_CONVERSION = YES;
				CLANG_WARN_INFINITE_RECURSION = YES;
				CLANG_WARN_INT_CONVERSION = YES;
				CLANG_WARN_NON_LITERAL_NULL_CONVERSION = YES;
				CLANG_WARN_OBJC_LITERAL_CONVERSION = YES;
				CLANG_WARN_OBJC_ROOT_CLASS = YES_ERROR;
				CLANG_WARN_RANGE_LOOP_ANALYSIS = YES;
				CLANG_WARN_STRICT_PROTOTYPES = YES;
				CLANG_WARN_SUSPICIOUS_MOVE = YES;
				CLANG_WARN_UNGUARDED_AVAILABILITY = YES_AGGRESSIVE;
				CLANG_WARN_UNREACHABLE_CODE = YES;
				CLANG_WARN__DUPLICATE_METHOD_MATCH = YES;
				CODE_SIGN_IDENTITY = "iPhone Developer";
				COPY_PHASE_STRIP = NO;
				CURRENT_PROJECT_VERSION = 1;
				DEBUG_INFORMATION_FORMAT = dwarf;
				ENABLE_STRICT_OBJC_MSGSEND = YES;
				ENABLE_TESTABILITY = YES;
				GCC_C_LANGUAGE_STANDARD = gnu11;
				GCC_DYNAMIC_NO_PIC = NO;
				GCC_NO_COMMON_BLOCKS = YES;
				GCC_OPTIMIZATION_LEVEL = 0;
				GCC_PREPROCESSOR_DEFINITIONS = (
					"DEBUG=1",
					"$(inherited)",
				);
				GCC_WARN_64_TO_32_BIT_CONVERSION = YES;
				GCC_WARN_ABOUT_RETURN_TYPE = YES_ERROR;
				GCC_WARN_UNDECLARED_SELECTOR = YES;
				GCC_WARN_UNINITIALIZED_AUTOS = YES_AGGRESSIVE;
				GCC_WARN_UNUSED_FUNCTION = YES;
				GCC_WARN_UNUSED_VARIABLE = YES;
				IPHONEOS_DEPLOYMENT_TARGET = 11.0;
				MTL_ENABLE_DEBUG_INFO = YES;
				ONLY_ACTIVE_ARCH = YES;
				SDKROOT = iphoneos;
				VERSIONING_SYSTEM = "apple-generic";
				VERSION_INFO_PREFIX = "";
			};
			name = Debug;
		};
		7DCF94F91FC541AA00831D82 /* Release */ = {
			isa = XCBuildConfiguration;
			buildSettings = {
				ALWAYS_SEARCH_USER_PATHS = NO;
				CLANG_ANALYZER_NONNULL = YES;
				CLANG_ANALYZER_NUMBER_OBJECT_CONVERSION = YES_AGGRESSIVE;
				CLANG_CXX_LANGUAGE_STANDARD = "gnu++14";
				CLANG_CXX_LIBRARY = "libc++";
				CLANG_ENABLE_MODULES = YES;
				CLANG_ENABLE_OBJC_ARC = YES;
				CLANG_WARN_BLOCK_CAPTURE_AUTORELEASING = YES;
				CLANG_WARN_BOOL_CONVERSION = YES;
				CLANG_WARN_COMMA = YES;
				CLANG_WARN_CONSTANT_CONVERSION = YES;
				CLANG_WARN_DIRECT_OBJC_ISA_USAGE = YES_ERROR;
				CLANG_WARN_DOCUMENTATION_COMMENTS = YES;
				CLANG_WARN_EMPTY_BODY = YES;
				CLANG_WARN_ENUM_CONVERSION = YES;
				CLANG_WARN_INFINITE_RECURSION = YES;
				CLANG_WARN_INT_CONVERSION = YES;
				CLANG_WARN_NON_LITERAL_NULL_CONVERSION = YES;
				CLANG_WARN_OBJC_LITERAL_CONVERSION = YES;
				CLANG_WARN_OBJC_ROOT_CLASS = YES_ERROR;
				CLANG_WARN_RANGE_LOOP_ANALYSIS = YES;
				CLANG_WARN_STRICT_PROTOTYPES = YES;
				CLANG_WARN_SUSPICIOUS_MOVE = YES;
				CLANG_WARN_UNGUARDED_AVAILABILITY = YES_AGGRESSIVE;
				CLANG_WARN_UNREACHABLE_CODE = YES;
				CLANG_WARN__DUPLICATE_METHOD_MATCH = YES;
				CODE_SIGN_IDENTITY = "iPhone Developer";
				COPY_PHASE_STRIP = NO;
				CURRENT_PROJECT_VERSION = 1;
				DEBUG_INFORMATION_FORMAT = "dwarf-with-dsym";
				ENABLE_NS_ASSERTIONS = NO;
				ENABLE_STRICT_OBJC_MSGSEND = YES;
				GCC_C_LANGUAGE_STANDARD = gnu11;
				GCC_NO_COMMON_BLOCKS = YES;
				GCC_WARN_64_TO_32_BIT_CONVERSION = YES;
				GCC_WARN_ABOUT_RETURN_TYPE = YES_ERROR;
				GCC_WARN_UNDECLARED_SELECTOR = YES;
				GCC_WARN_UNINITIALIZED_AUTOS = YES_AGGRESSIVE;
				GCC_WARN_UNUSED_FUNCTION = YES;
				GCC_WARN_UNUSED_VARIABLE = YES;
				IPHONEOS_DEPLOYMENT_TARGET = 11.0;
				MTL_ENABLE_DEBUG_INFO = NO;
				SDKROOT = iphoneos;
				VALIDATE_PRODUCT = YES;
				VERSIONING_SYSTEM = "apple-generic";
				VERSION_INFO_PREFIX = "";
			};
			name = Release;
		};
		7DCF94FB1FC541AA00831D82 /* Debug */ = {
			isa = XCBuildConfiguration;
			baseConfigurationReference = 72DCCDC722A75666EBB117D2 /* Pods-HBAlert.debug.xcconfig */;
			buildSettings = {
				CODE_SIGN_IDENTITY = "";
				CODE_SIGN_STYLE = Automatic;
				DEFINES_MODULE = YES;
				DYLIB_COMPATIBILITY_VERSION = 1;
				DYLIB_CURRENT_VERSION = 1;
				DYLIB_INSTALL_NAME_BASE = "@rpath";
				INFOPLIST_FILE = HBAlert/Info.plist;
				INSTALL_PATH = "$(LOCAL_LIBRARY_DIR)/Frameworks";
				IPHONEOS_DEPLOYMENT_TARGET = 8.0;
				LD_RUNPATH_SEARCH_PATHS = "$(inherited) @executable_path/Frameworks @loader_path/Frameworks";
				MACH_O_TYPE = staticlib;
				PRODUCT_BUNDLE_IDENTIFIER = P.W.HBAlert;
				PRODUCT_NAME = "$(TARGET_NAME:c99extidentifier)";
				SKIP_INSTALL = YES;
				TARGETED_DEVICE_FAMILY = "1,2";
			};
			name = Debug;
		};
		7DCF94FC1FC541AA00831D82 /* Release */ = {
			isa = XCBuildConfiguration;
			baseConfigurationReference = F7C041ECC3FE25579BDE0F86 /* Pods-HBAlert.release.xcconfig */;
			buildSettings = {
				CODE_SIGN_IDENTITY = "";
				CODE_SIGN_STYLE = Automatic;
				DEFINES_MODULE = YES;
				DYLIB_COMPATIBILITY_VERSION = 1;
				DYLIB_CURRENT_VERSION = 1;
				DYLIB_INSTALL_NAME_BASE = "@rpath";
				INFOPLIST_FILE = HBAlert/Info.plist;
				INSTALL_PATH = "$(LOCAL_LIBRARY_DIR)/Frameworks";
				IPHONEOS_DEPLOYMENT_TARGET = 8.0;
				LD_RUNPATH_SEARCH_PATHS = "$(inherited) @executable_path/Frameworks @loader_path/Frameworks";
				MACH_O_TYPE = staticlib;
				PRODUCT_BUNDLE_IDENTIFIER = P.W.HBAlert;
				PRODUCT_NAME = "$(TARGET_NAME:c99extidentifier)";
				SKIP_INSTALL = YES;
				TARGETED_DEVICE_FAMILY = "1,2";
			};
			name = Release;
		};
/* End XCBuildConfiguration section */

/* Begin XCConfigurationList section */
		7DCF94EC1FC541AA00831D82 /* Build configuration list for PBXProject "HBAlert" */ = {
			isa = XCConfigurationList;
			buildConfigurations = (
				7DCF94F81FC541AA00831D82 /* Debug */,
				7DCF94F91FC541AA00831D82 /* Release */,
			);
			defaultConfigurationIsVisible = 0;
			defaultConfigurationName = Release;
		};
		7DCF94FA1FC541AA00831D82 /* Build configuration list for PBXNativeTarget "HBAlert" */ = {
			isa = XCConfigurationList;
			buildConfigurations = (
				7DCF94FB1FC541AA00831D82 /* Debug */,
				7DCF94FC1FC541AA00831D82 /* Release */,
			);
			defaultConfigurationIsVisible = 0;
			defaultConfigurationName = Release;
		};
/* End XCConfigurationList section */
	};
	rootObject = 7DCF94E91FC541AA00831D82 /* Project object */;
}
